
Microsoft Visual Studio Solution File, Format Version 12.00
# Visual Studio 2013
VisualStudioVersion = 12.0.21005.1
MinimumVisualStudioVersion = 10.0.40219.1
Project("{F184B08F-C81C-45F6-A57F-5ABD9991F28F}") = "GoverLan2Zendesk", "GoverLan2Zendesk\GoverLan2Zendesk.vbproj", "{D83C612D-9357-4C19-B80D-5B7246E47753}"
EndProject
Global
	GlobalSection(SolutionConfigurationPlatforms) = preSolution
		Debug|Any CPU = Debug|Any CPU
		Release|Any CPU = Release|Any CPU
	EndGlobalSection
	GlobalSection(ProjectConfigurationPlatforms) = postSolution
		{D83C612D-9357-4C19-B80D-5B7246E47753}.Debug|Any CPU.ActiveCfg = Debug|Any CPU
		{D83C612D-9357-4C19-B80D-5B7246E47753}.Debug|Any CPU.Build.0 = Debug|Any CPU
		{D83C612D-9357-4C19-B80D-5B7246E47753}.Release|Any CPU.ActiveCfg = Release|Any CPU
		{D83C612D-9357-4C19-B80D-5B7246E47753}.Release|Any CPU.Build.0 = Release|Any CPU
	EndGlobalSection
	GlobalSection(SolutionProperties) = preSolution
		HideSolutionNode = FALSE
	EndGlobalSection
EndGlobal
